
Microsoft Visual Studio Solution File, Format Version 12.00
# Visual Studio Version 17
VisualStudioVersion = 17.3.32519.111
MinimumVisualStudioVersion = 10.0.40219.1
Project("{9A19103F-16F7-4668-BE54-9A1E7A4F7556}") = "Vapolia.FluentLayouts", "Vapolia.FluentLayouts\Vapolia.FluentLayouts.csproj", "{7720CAEA-705A-4B56-9076-3EEA5BF7344C}"
EndProject
Global
	GlobalSection(SolutionConfigurationPlatforms) = preSolution
		Debug|Any CPU = Debug|Any CPU
		Release|Any CPU = Release|Any CPU
	EndGlobalSection
	GlobalSection(ProjectConfigurationPlatforms) = postSolution
		{7720CAEA-705A-4B56-9076-3EEA5BF7344C}.Debug|Any CPU.ActiveCfg = Debug|Any CPU
		{7720CAEA-705A-4B56-9076-3EEA5BF7344C}.Debug|Any CPU.Build.0 = Debug|Any CPU
		{7720CAEA-705A-4B56-9076-3EEA5BF7344C}.Release|Any CPU.ActiveCfg = Release|Any CPU
		{7720CAEA-705A-4B56-9076-3EEA5BF7344C}.Release|Any CPU.Build.0 = Release|Any CPU
	EndGlobalSection
	GlobalSection(SolutionProperties) = preSolution
		HideSolutionNode = FALSE
	EndGlobalSection
	GlobalSection(ExtensibilityGlobals) = postSolution
		SolutionGuid = {9EABAB1A-3343-4F69-81A1-58163685F77F}
	EndGlobalSection
EndGlobal
